
Microsoft Visual Studio Solution File, Format Version 12.00
# Visual Studio 15
VisualStudioVersion = 15.0.28307.168
MinimumVisualStudioVersion = 10.0.40219.1
Project("{9A19103F-16F7-4668-BE54-9A1E7A4F7556}") = "CookBookAPI", "CookBookAPI\CookBookAPI.csproj", "{F7151B9A-6009-4506-B6C2-FA9DAE9FD00F}"
EndProject
Project("{FAE04EC0-301F-11D3-BF4B-00C04F79EFBC}") = "XUnitTestAPITests", "XUnitTestAPITests\XUnitTestAPITests.csproj", "{CEEE66E5-9BC2-4D4C-923B-66823A27A636}"
EndProject
Global
	GlobalSection(SolutionConfigurationPlatforms) = preSolution
		Debug|Any CPU = Debug|Any CPU
		Release|Any CPU = Release|Any CPU
	EndGlobalSection
	GlobalSection(ProjectConfigurationPlatforms) = postSolution
		{F7151B9A-6009-4506-B6C2-FA9DAE9FD00F}.Debug|Any CPU.ActiveCfg = Debug|Any CPU
		{F7151B9A-6009-4506-B6C2-FA9DAE9FD00F}.Debug|Any CPU.Build.0 = Debug|Any CPU
		{F7151B9A-6009-4506-B6C2-FA9DAE9FD00F}.Release|Any CPU.ActiveCfg = Release|Any CPU
		{F7151B9A-6009-4506-B6C2-FA9DAE9FD00F}.Release|Any CPU.Build.0 = Release|Any CPU
		{CEEE66E5-9BC2-4D4C-923B-66823A27A636}.Debug|Any CPU.ActiveCfg = Debug|Any CPU
		{CEEE66E5-9BC2-4D4C-923B-66823A27A636}.Debug|Any CPU.Build.0 = Debug|Any CPU
		{CEEE66E5-9BC2-4D4C-923B-66823A27A636}.Release|Any CPU.ActiveCfg = Release|Any CPU
		{CEEE66E5-9BC2-4D4C-923B-66823A27A636}.Release|Any CPU.Build.0 = Release|Any CPU
	EndGlobalSection
	GlobalSection(SolutionProperties) = preSolution
		HideSolutionNode = FALSE
	EndGlobalSection
	GlobalSection(ExtensibilityGlobals) = postSolution
		SolutionGuid = {B044723B-AD96-4AE7-9161-DEDC083A446F}
	EndGlobalSection
EndGlobal
